
Microsoft Visual Studio Solution File, Format Version 12.00
# Visual Studio Version 16
VisualStudioVersion = 16.0.31313.79
MinimumVisualStudioVersion = 10.0.40219.1
Project("{FAE04EC0-301F-11D3-BF4B-00C04F79EFBC}") = "FootballTracker", "FootballTracker\FootballTracker.csproj", "{7248DFD7-4586-4587-BC86-C9331225F77A}"
EndProject
Project("{FAE04EC0-301F-11D3-BF4B-00C04F79EFBC}") = "Application", "Application\Application.csproj", "{79C33B38-28A1-4C4C-92C0-6F07C27DA27A}"
EndProject
Project("{FAE04EC0-301F-11D3-BF4B-00C04F79EFBC}") = "Domain", "Domain\Domain.csproj", "{33804BCF-B758-4AB6-91B2-D8BDCCFEBE7F}"
EndProject
Project("{FAE04EC0-301F-11D3-BF4B-00C04F79EFBC}") = "Infrastructure", "Infrastructure\Infrastructure.csproj", "{48DD94BF-B236-4904-B0CF-FF6FC59F76D4}"
EndProject
Project("{FAE04EC0-301F-11D3-BF4B-00C04F79EFBC}") = "FootballTorunament.Tests", "FootballTorunament.Tests\FootballTorunament.Tests.csproj", "{D4BFCF97-FA4F-4ADE-A128-BFA900BC3C4B}"
EndProject
Global
	GlobalSection(SolutionConfigurationPlatforms) = preSolution
		Debug|Any CPU = Debug|Any CPU
		Release|Any CPU = Release|Any CPU
	EndGlobalSection
	GlobalSection(ProjectConfigurationPlatforms) = postSolution
		{7248DFD7-4586-4587-BC86-C9331225F77A}.Debug|Any CPU.ActiveCfg = Debug|Any CPU
		{7248DFD7-4586-4587-BC86-C9331225F77A}.Debug|Any CPU.Build.0 = Debug|Any CPU
		{7248DFD7-4586-4587-BC86-C9331225F77A}.Release|Any CPU.ActiveCfg = Release|Any CPU
		{7248DFD7-4586-4587-BC86-C9331225F77A}.Release|Any CPU.Build.0 = Release|Any CPU
		{79C33B38-28A1-4C4C-92C0-6F07C27DA27A}.Debug|Any CPU.ActiveCfg = Debug|Any CPU
		{79C33B38-28A1-4C4C-92C0-6F07C27DA27A}.Debug|Any CPU.Build.0 = Debug|Any CPU
		{79C33B38-28A1-4C4C-92C0-6F07C27DA27A}.Release|Any CPU.ActiveCfg = Release|Any CPU
		{79C33B38-28A1-4C4C-92C0-6F07C27DA27A}.Release|Any CPU.Build.0 = Release|Any CPU
		{33804BCF-B758-4AB6-91B2-D8BDCCFEBE7F}.Debug|Any CPU.ActiveCfg = Debug|Any CPU
		{33804BCF-B758-4AB6-91B2-D8BDCCFEBE7F}.Debug|Any CPU.Build.0 = Debug|Any CPU
		{33804BCF-B758-4AB6-91B2-D8BDCCFEBE7F}.Release|Any CPU.ActiveCfg = Release|Any CPU
		{33804BCF-B758-4AB6-91B2-D8BDCCFEBE7F}.Release|Any CPU.Build.0 = Release|Any CPU
		{48DD94BF-B236-4904-B0CF-FF6FC59F76D4}.Debug|Any CPU.ActiveCfg = Debug|Any CPU
		{48DD94BF-B236-4904-B0CF-FF6FC59F76D4}.Debug|Any CPU.Build.0 = Debug|Any CPU
		{48DD94BF-B236-4904-B0CF-FF6FC59F76D4}.Release|Any CPU.ActiveCfg = Release|Any CPU
		{48DD94BF-B236-4904-B0CF-FF6FC59F76D4}.Release|Any CPU.Build.0 = Release|Any CPU
		{D4BFCF97-FA4F-4ADE-A128-BFA900BC3C4B}.Debug|Any CPU.ActiveCfg = Debug|Any CPU
		{D4BFCF97-FA4F-4ADE-A128-BFA900BC3C4B}.Debug|Any CPU.Build.0 = Debug|Any CPU
		{D4BFCF97-FA4F-4ADE-A128-BFA900BC3C4B}.Release|Any CPU.ActiveCfg = Release|Any CPU
		{D4BFCF97-FA4F-4ADE-A128-BFA900BC3C4B}.Release|Any CPU.Build.0 = Release|Any CPU
	EndGlobalSection
	GlobalSection(SolutionProperties) = preSolution
		HideSolutionNode = FALSE
	EndGlobalSection
	GlobalSection(ExtensibilityGlobals) = postSolution
		SolutionGuid = {8B67E8D5-3738-452D-8C14-AF052DD3AD0E}
	EndGlobalSection
EndGlobal
